
Microsoft Visual Studio Solution File, Format Version 12.00
# Visual Studio Version 17
VisualStudioVersion = 17.4.33213.308
MinimumVisualStudioVersion = 10.0.40219.1
Project("{FAE04EC0-301F-11D3-BF4B-00C04F79EFBC}") = "Students", "Students\Students.csproj", "{3FC3C304-7144-415F-8E26-A85DCF67A5E9}"
EndProject
Global
	GlobalSection(SolutionConfigurationPlatforms) = preSolution
		Debug|Any CPU = Debug|Any CPU
		Release|Any CPU = Release|Any CPU
	EndGlobalSection
	GlobalSection(ProjectConfigurationPlatforms) = postSolution
		{3FC3C304-7144-415F-8E26-A85DCF67A5E9}.Debug|Any CPU.ActiveCfg = Debug|Any CPU
		{3FC3C304-7144-415F-8E26-A85DCF67A5E9}.Debug|Any CPU.Build.0 = Debug|Any CPU
		{3FC3C304-7144-415F-8E26-A85DCF67A5E9}.Release|Any CPU.ActiveCfg = Release|Any CPU
		{3FC3C304-7144-415F-8E26-A85DCF67A5E9}.Release|Any CPU.Build.0 = Release|Any CPU
	EndGlobalSection
	GlobalSection(SolutionProperties) = preSolution
		HideSolutionNode = FALSE
	EndGlobalSection
	GlobalSection(ExtensibilityGlobals) = postSolution
		SolutionGuid = {D8D662B1-145E-493D-8434-5A4F17B9EFA4}
	EndGlobalSection
EndGlobal
